
Microsoft Visual Studio Solution File, Format Version 12.00
# Visual Studio Version 16
VisualStudioVersion = 16.0.31424.327
MinimumVisualStudioVersion = 10.0.40219.1
Project("{9A19103F-16F7-4668-BE54-9A1E7A4F7556}") = "MyHealthPlusWeb", "MyHealthPlus\MyHealthPlusWeb.csproj", "{F5D77B5B-C0C4-48CD-BA6A-DE8BB49E9409}"
EndProject
Project("{00D1A9C2-B5F0-4AF3-8072-F6C62B433612}") = "MyHealthPlusDB", "DB\MyHealthPlusDB.sqlproj", "{3CF68400-8B39-48FB-8CFE-87B2383D5B2B}"
EndProject
Project("{9A19103F-16F7-4668-BE54-9A1E7A4F7556}") = "Business", "Business\Business.csproj", "{E1AF0529-1D31-4BFD-BB7C-E9330AA56D80}"
EndProject
Project("{9A19103F-16F7-4668-BE54-9A1E7A4F7556}") = "Repositories", "Repositories\Repositories.csproj", "{4FC0A25F-AC72-404F-B6E1-A7781A946DF1}"
EndProject
Global
	GlobalSection(SolutionConfigurationPlatforms) = preSolution
		Debug|Any CPU = Debug|Any CPU
		Release|Any CPU = Release|Any CPU
	EndGlobalSection
	GlobalSection(ProjectConfigurationPlatforms) = postSolution
		{F5D77B5B-C0C4-48CD-BA6A-DE8BB49E9409}.Debug|Any CPU.ActiveCfg = Debug|Any CPU
		{F5D77B5B-C0C4-48CD-BA6A-DE8BB49E9409}.Debug|Any CPU.Build.0 = Debug|Any CPU
		{F5D77B5B-C0C4-48CD-BA6A-DE8BB49E9409}.Release|Any CPU.ActiveCfg = Release|Any CPU
		{F5D77B5B-C0C4-48CD-BA6A-DE8BB49E9409}.Release|Any CPU.Build.0 = Release|Any CPU
		{3CF68400-8B39-48FB-8CFE-87B2383D5B2B}.Debug|Any CPU.ActiveCfg = Debug|Any CPU
		{3CF68400-8B39-48FB-8CFE-87B2383D5B2B}.Debug|Any CPU.Build.0 = Debug|Any CPU
		{3CF68400-8B39-48FB-8CFE-87B2383D5B2B}.Debug|Any CPU.Deploy.0 = Debug|Any CPU
		{3CF68400-8B39-48FB-8CFE-87B2383D5B2B}.Release|Any CPU.ActiveCfg = Release|Any CPU
		{3CF68400-8B39-48FB-8CFE-87B2383D5B2B}.Release|Any CPU.Build.0 = Release|Any CPU
		{3CF68400-8B39-48FB-8CFE-87B2383D5B2B}.Release|Any CPU.Deploy.0 = Release|Any CPU
		{E1AF0529-1D31-4BFD-BB7C-E9330AA56D80}.Debug|Any CPU.ActiveCfg = Debug|Any CPU
		{E1AF0529-1D31-4BFD-BB7C-E9330AA56D80}.Debug|Any CPU.Build.0 = Debug|Any CPU
		{E1AF0529-1D31-4BFD-BB7C-E9330AA56D80}.Release|Any CPU.ActiveCfg = Release|Any CPU
		{E1AF0529-1D31-4BFD-BB7C-E9330AA56D80}.Release|Any CPU.Build.0 = Release|Any CPU
		{4FC0A25F-AC72-404F-B6E1-A7781A946DF1}.Debug|Any CPU.ActiveCfg = Debug|Any CPU
		{4FC0A25F-AC72-404F-B6E1-A7781A946DF1}.Debug|Any CPU.Build.0 = Debug|Any CPU
		{4FC0A25F-AC72-404F-B6E1-A7781A946DF1}.Release|Any CPU.ActiveCfg = Release|Any CPU
		{4FC0A25F-AC72-404F-B6E1-A7781A946DF1}.Release|Any CPU.Build.0 = Release|Any CPU
	EndGlobalSection
	GlobalSection(SolutionProperties) = preSolution
		HideSolutionNode = FALSE
	EndGlobalSection
	GlobalSection(ExtensibilityGlobals) = postSolution
		SolutionGuid = {7EC4C4DF-42AE-47D0-B2E1-12EA7BC69DC5}
	EndGlobalSection
EndGlobal
